
Microsoft Visual Studio Solution File, Format Version 12.00
# Visual Studio Version 16
VisualStudioVersion = 16.0.810.20
MinimumVisualStudioVersion = 10.0.40219.1
Project("{FAE04EC0-301F-11D3-BF4B-00C04F79EFBC}") = "Steady_Baking", "Steady_Baking\Steady_Baking.csproj", "{3B33FE02-AB52-4355-9695-965CF6F4502E}"
EndProject
Global
	GlobalSection(SolutionConfigurationPlatforms) = preSolution
		Debug|Any CPU = Debug|Any CPU
		Release|Any CPU = Release|Any CPU
	EndGlobalSection
	GlobalSection(ProjectConfigurationPlatforms) = postSolution
		{3B33FE02-AB52-4355-9695-965CF6F4502E}.Debug|Any CPU.ActiveCfg = Debug|Any CPU
		{3B33FE02-AB52-4355-9695-965CF6F4502E}.Debug|Any CPU.Build.0 = Debug|Any CPU
		{3B33FE02-AB52-4355-9695-965CF6F4502E}.Release|Any CPU.ActiveCfg = Release|Any CPU
		{3B33FE02-AB52-4355-9695-965CF6F4502E}.Release|Any CPU.Build.0 = Release|Any CPU
	EndGlobalSection
	GlobalSection(SolutionProperties) = preSolution
		HideSolutionNode = FALSE
	EndGlobalSection
	GlobalSection(ExtensibilityGlobals) = postSolution
		SolutionGuid = {2FD48E25-8737-473F-93B0-A81A4A225656}
	EndGlobalSection
EndGlobal
