
Microsoft Visual Studio Solution File, Format Version 12.00
# Visual Studio Version 16
VisualStudioVersion = 16.0.32126.315
MinimumVisualStudioVersion = 10.0.40219.1
Project("{FAE04EC0-301F-11D3-BF4B-00C04F79EFBC}") = "Steady_Baking", "Steady_Baking\Steady_Baking.csproj", "{C52A9EEC-975E-42DB-BF2C-4C5F8EF92D83}"
EndProject
Global
	GlobalSection(SolutionConfigurationPlatforms) = preSolution
		Debug|Any CPU = Debug|Any CPU
		Release|Any CPU = Release|Any CPU
	EndGlobalSection
	GlobalSection(ProjectConfigurationPlatforms) = postSolution
		{C52A9EEC-975E-42DB-BF2C-4C5F8EF92D83}.Debug|Any CPU.ActiveCfg = Debug|Any CPU
		{C52A9EEC-975E-42DB-BF2C-4C5F8EF92D83}.Debug|Any CPU.Build.0 = Debug|Any CPU
		{C52A9EEC-975E-42DB-BF2C-4C5F8EF92D83}.Release|Any CPU.ActiveCfg = Release|Any CPU
		{C52A9EEC-975E-42DB-BF2C-4C5F8EF92D83}.Release|Any CPU.Build.0 = Release|Any CPU
	EndGlobalSection
	GlobalSection(SolutionProperties) = preSolution
		HideSolutionNode = FALSE
	EndGlobalSection
	GlobalSection(ExtensibilityGlobals) = postSolution
		SolutionGuid = {D9675824-6087-4D9C-8DC6-EB652559FC90}
	EndGlobalSection
EndGlobal
